<?xml version="1.0" encoding="UTF-8"?>
<Scheme
   version = "1.3">
   <BuildAction>
      <BuildActionEntries>
         <BuildActionEntry
            buildForRunning = "YES">
            <BuildableReference
               BuildableIdentifier = "primary"
               BlueprintIdentifier = "61227A8C51F154CF38F6607A"
               BuildableName = "iOsRGBColorPicker.app"
               BlueprintName = "iOsRGBColorPicker"
               ReferencedContainer = "container:iOsRGBColorPicker.xcodeproj">
            </BuildableReference>
         </BuildActionEntry>
      </BuildActionEntries>
   </BuildAction>
   <LaunchAction
      useCustomWorkingDirectory = "NO"
      buildConfiguration = "Debug"
      allowLocationSimulation = "YES">
      <BuildableProductRunnable>
         <BuildableReference
            BuildableIdentifier = "primary"
            BlueprintIdentifier = "61227A8C51F154CF38F6607A"
            BuildableName = "iOsRGBColorPicker.app"
            BlueprintName = "iOsRGBColorPicker"
            ReferencedContainer = "container:iOsRGBColorPicker.xcodeproj">
         </BuildableReference>
      </BuildableProductRunnable>
   </LaunchAction>
</Scheme>
